# THIS IS AN AUTOGENERATED FILE. DO NOT EDIT THIS FILE DIRECTLY.
# yarn lockfile v1


"@tanstack/match-sorter-utils@^8.7.0":
  version "8.7.6"
  resolved "https://registry.yarnpkg.com/@tanstack/match-sorter-utils/-/match-sorter-utils-8.7.6.tgz#ccf54a37447770e0cf0fe49a579c595fd2655b16"
  integrity sha512-2AMpRiA6QivHOUiBpQAVxjiHAA68Ei23ZUMNaRJrN6omWiSFLoYrxGcT6BXtuzp0Jw4h6HZCmGGIM/gbwebO2A==
  dependencies:
    remove-accents "0.4.2"

"@tanstack/query-core@4.24.6":
  version "4.24.6"
  resolved "https://registry.yarnpkg.com/@tanstack/query-core/-/query-core-4.24.6.tgz#8f102bc922308f0c6c5ddea34fe253688314265a"
  integrity sha512-Tfru6YTDTCpX7dKVwHp/sosw/dNjEdzrncduUjIkQxn7n7u+74HT2ZrGtwwrU6Orws4x7zp3FKRqBPWVVhpx9w==

"@tanstack/react-query-devtools@^4.24.6":
  version "4.24.6"
  resolved "https://registry.yarnpkg.com/@tanstack/react-query-devtools/-/react-query-devtools-4.24.6.tgz#b2232d598d8141054466d7bb446158feaaf2a133"
  integrity sha512-d8CN4ZTtLkdCNi9x4Hogma0fdhlv7ckknv/RLuV4nbUciUoZEvhg1cI0+vp/1aY4W3jq9vH0BD/eUQKecgY15Q==
  dependencies:
    "@tanstack/match-sorter-utils" "^8.7.0"
    superjson "^1.10.0"
    use-sync-external-store "^1.2.0"

"@tanstack/react-query@^4.24.6":
  version "4.24.6"
  resolved "https://registry.yarnpkg.com/@tanstack/react-query/-/react-query-4.24.6.tgz#ec406e59314ae13d31a2c82eed0043bb0b67ba2e"
  integrity sha512-pbJUVZCS4pcXS0kZiY+mVJ01ude0GrH5OXT2g9whcqSveRG/YVup/XdA9NdRpSMGkP2HxDRxxRNsTXkniWeIIA==
  dependencies:
    "@tanstack/query-core" "4.24.6"
    use-sync-external-store "^1.2.0"

copy-anything@^3.0.2:
  version "3.0.3"
  resolved "https://registry.yarnpkg.com/copy-anything/-/copy-anything-3.0.3.tgz#206767156f08da0e02efd392f71abcdf79643559"
  integrity sha512-fpW2W/BqEzqPp29QS+MwwfisHCQZtiduTe/m8idFo0xbti9fIZ2WVhAsCv4ggFVH3AgCkVdpoOCtQC6gBrdhjw==
  dependencies:
    is-what "^4.1.8"

is-what@^4.1.8:
  version "4.1.8"
  resolved "https://registry.yarnpkg.com/is-what/-/is-what-4.1.8.tgz#0e2a8807fda30980ddb2571c79db3d209b14cbe4"
  integrity sha512-yq8gMao5upkPoGEU9LsB2P+K3Kt8Q3fQFCGyNCWOAnJAMzEXVV9drYb0TXr42TTliLLhKIBvulgAXgtLLnwzGA==

remove-accents@0.4.2:
  version "0.4.2"
  resolved "https://registry.yarnpkg.com/remove-accents/-/remove-accents-0.4.2.tgz#0a43d3aaae1e80db919e07ae254b285d9e1c7bb5"
  integrity sha512-7pXIJqJOq5tFgG1A2Zxti3Ht8jJF337m4sowbuHsW30ZnkQFnDzy9qBNhgzX8ZLW4+UBcXiiR7SwR6pokHsxiA==

superjson@^1.10.0:
  version "1.12.2"
  resolved "https://registry.yarnpkg.com/superjson/-/superjson-1.12.2.tgz#072471f1e6add2d95a38b77fef8c7a199d82103a"
  integrity sha512-ugvUo9/WmvWOjstornQhsN/sR9mnGtWGYeTxFuqLb4AiT4QdUavjGFRALCPKWWnAiUJ4HTpytj5e0t5HoMRkXg==
  dependencies:
    copy-anything "^3.0.2"

use-sync-external-store@^1.2.0:
  version "1.2.0"
  resolved "https://registry.yarnpkg.com/use-sync-external-store/-/use-sync-external-store-1.2.0.tgz#7dbefd6ef3fe4e767a0cf5d7287aacfb5846928a"
  integrity sha512-eEgnFxGQ1Ife9bzYs6VLi8/4X6CObHMw9Qr9tPY43iKwsPw8xE8+EFsf/2cFZ5S3esXgpWgtSCtLNS41F+sKPA==
